
Microsoft Visual Studio Solution File, Format Version 11.00
# Visual C# Express 2010
Project("{FAE04EC0-301F-11D3-BF4B-00C04F79EFBC}") = "myGame", "myGame\myGame\myGame.csproj", "{261EEF95-A090-46E3-AEBA-6560B3035D19}"
EndProject
Project("{96E2B04D-8817-42C6-938A-82C39BA4D311}") = "myGameContent", "myGame\myGameContent\myGameContent.contentproj", "{76E62110-61FB-4ED4-93D3-0E6D9D461524}"
EndProject
Global
	GlobalSection(SolutionConfigurationPlatforms) = preSolution
		Debug|x86 = Debug|x86
		Release|x86 = Release|x86
	EndGlobalSection
	GlobalSection(ProjectConfigurationPlatforms) = postSolution
		{261EEF95-A090-46E3-AEBA-6560B3035D19}.Debug|x86.ActiveCfg = Debug|x86
		{261EEF95-A090-46E3-AEBA-6560B3035D19}.Debug|x86.Build.0 = Debug|x86
		{261EEF95-A090-46E3-AEBA-6560B3035D19}.Release|x86.ActiveCfg = Release|x86
		{261EEF95-A090-46E3-AEBA-6560B3035D19}.Release|x86.Build.0 = Release|x86
		{76E62110-61FB-4ED4-93D3-0E6D9D461524}.Debug|x86.ActiveCfg = Debug|x86
		{76E62110-61FB-4ED4-93D3-0E6D9D461524}.Release|x86.ActiveCfg = Release|x86
	EndGlobalSection
	GlobalSection(SolutionProperties) = preSolution
		HideSolutionNode = FALSE
	EndGlobalSection
EndGlobal
